// !$*UTF8*$!
{
	archiveVersion = 1;
	classes = {
	};
	objectVersion = 77;
	objects = {

/* Begin PBXBuildFile section */
		DB1141BC30128585003E81EA /* DeviceActivity.framework in Frameworks */ = {isa = PBXBuildFile; fileRef = DB1141BB30128585003E81EA /* DeviceActivity.framework */; };
		DB1141C430128585003E81EA /* DeviceActivityMonitorExtension.appex in Embed Foundation Extensions */ = {isa = PBXBuildFile; fileRef = DB1141BA30128585003E81EA /* DeviceActivityMonitorExtension.appex */; settings = {ATTRIBUTES = (RemoveHeadersOnCopy, ); }; };
		DBD79D473003E85D002E5CA6 /* ManagedSettings.framework in Frameworks */ = {isa = PBXBuildFile; fileRef = DBD79D463003E85D002E5CA6 /* ManagedSettings.framework */; };
		DBD79D493003E85D002E5CA6 /* ManagedSettingsUI.framework in Frameworks */ = {isa = PBXBuildFile; fileRef = DBD79D483003E85D002E5CA6 /* ManagedSettingsUI.framework */; };
		DBD79D513003E85D002E5CA6 /* ShieldConfigExtension.appex in Embed Foundation Extensions */ = {isa = PBXBuildFile; fileRef = DBD79D443003E85D002E5CA6 /* ShieldConfigExtension.appex */; settings = {ATTRIBUTES = (RemoveHeadersOnCopy, ); }; };
		DBE575CF3008679D00EE5B52 /* ManagedSettings.framework in Frameworks */ = {isa = PBXBuildFile; fileRef = DBD79D463003E85D002E5CA6 /* ManagedSettings.framework */; };
		DBE575D73008679D00EE5B52 /* ShieldActionExtension.appex in Embed Foundation Extensions */ = {isa = PBXBuildFile; fileRef = DBE575CE3008679D00EE5B52 /* ShieldActionExtension.appex */; settings = {ATTRIBUTES = (RemoveHeadersOnCopy, ); }; };
/* End PBXBuildFile section */

/* Begin PBXContainerItemProxy section */
		DB1141C230128585003E81EA /* PBXContainerItemProxy */ = {
			isa = PBXContainerItemProxy;
			containerPortal = DB7A92A52FEAE0240038976B /* Project object */;
			proxyType = 1;
			remoteGlobalIDString = DB1141B930128585003E81EA;
			remoteInfo = DeviceActivityMonitorExtension;
		};
		DB7A92BD2FEAE0260038976B /* PBXContainerItemProxy */ = {
			isa = PBXContainerItemProxy;
			containerPortal = DB7A92A52FEAE0240038976B /* Project object */;
			proxyType = 1;
			remoteGlobalIDString = DB7A92AC2FEAE0240038976B;
			remoteInfo = Integate;
		};
		DB7A92C72FEAE0260038976B /* PBXContainerItemProxy */ = {
			isa = PBXContainerItemProxy;
			containerPortal = DB7A92A52FEAE0240038976B /* Project object */;
			proxyType = 1;
			remoteGlobalIDString = DB7A92AC2FEAE0240038976B;
			remoteInfo = Integate;
		};
		DBD79D4F3003E85D002E5CA6 /* PBXContainerItemProxy */ = {
			isa = PBXContainerItemProxy;
			containerPortal = DB7A92A52FEAE0240038976B /* Project object */;
			proxyType = 1;
			remoteGlobalIDString = DBD79D433003E85D002E5CA6;
			remoteInfo = ShieldConfigExtension;
		};
		DBE575D53008679D00EE5B52 /* PBXContainerItemProxy */ = {
			isa = PBXContainerItemProxy;
			containerPortal = DB7A92A52FEAE0240038976B /* Project object */;
			proxyType = 1;
			remoteGlobalIDString = DBE575CD3008679D00EE5B52;
			remoteInfo = ShieldActionExtension;
		};
/* End PBXContainerItemProxy section */

/* Begin PBXCopyFilesBuildPhase section */
		DBD79D523003E85D002E5CA6 /* Embed Foundation Extensions */ = {
			isa = PBXCopyFilesBuildPhase;
			buildActionMask = 2147483647;
			dstPath = "";
			dstSubfolderSpec = 13;
			files = (
				DB1141C430128585003E81EA /* DeviceActivityMonitorExtension.appex in Embed Foundation Extensions */,
				DBD79D513003E85D002E5CA6 /* ShieldConfigExtension.appex in Embed Foundation Extensions */,
				DBE575D73008679D00EE5B52 /* ShieldActionExtension.appex in Embed Foundation Extensions */,
			);
			name = "Embed Foundation Extensions";
			runOnlyForDeploymentPostprocessing = 0;
		};
/* End PBXCopyFilesBuildPhase section */

/* Begin PBXFileReference section */
		DB1141BA30128585003E81EA /* DeviceActivityMonitorExtension.appex */ = {isa = PBXFileReference; explicitFileType = "wrapper.app-extension"; includeInIndex = 0; path = DeviceActivityMonitorExtension.appex; sourceTree = BUILT_PRODUCTS_DIR; };
		DB1141BB30128585003E81EA /* DeviceActivity.framework */ = {isa = PBXFileReference; lastKnownFileType = wrapper.framework; name = DeviceActivity.framework; path = System/Library/Frameworks/DeviceActivity.framework; sourceTree = SDKROOT; };
		DB7A92AD2FEAE0240038976B /* Integate.app */ = {isa = PBXFileReference; explicitFileType = wrapper.application; includeInIndex = 0; path = Integate.app; sourceTree = BUILT_PRODUCTS_DIR; };
		DB7A92BC2FEAE0260038976B /* IntegateTests.xctest */ = {isa = PBXFileReference; explicitFileType = wrapper.cfbundle; includeInIndex = 0; path = IntegateTests.xctest; sourceTree = BUILT_PRODUCTS_DIR; };
		DB7A92C62FEAE0260038976B /* IntegateUITests.xctest */ = {isa = PBXFileReference; explicitFileType = wrapper.cfbundle; includeInIndex = 0; path = IntegateUITests.xctest; sourceTree = BUILT_PRODUCTS_DIR; };
		DB8096D9300872210068E94C /* Integate.xctestplan */ = {isa = PBXFileReference; lastKnownFileType = text; path = Integate.xctestplan; sourceTree = "<group>"; };
		DBD79D443003E85D002E5CA6 /* ShieldConfigExtension.appex */ = {isa = PBXFileReference; explicitFileType = "wrapper.app-extension"; includeInIndex = 0; path = ShieldConfigExtension.appex; sourceTree = BUILT_PRODUCTS_DIR; };
		DBD79D463003E85D002E5CA6 /* ManagedSettings.framework */ = {isa = PBXFileReference; lastKnownFileType = wrapper.framework; name = ManagedSettings.framework; path = System/Library/Frameworks/ManagedSettings.framework; sourceTree = SDKROOT; };
		DBD79D483003E85D002E5CA6 /* ManagedSettingsUI.framework */ = {isa = PBXFileReference; lastKnownFileType = wrapper.framework; name = ManagedSettingsUI.framework; path = System/Library/Frameworks/ManagedSettingsUI.framework; sourceTree = SDKROOT; };
		DBE575CE3008679D00EE5B52 /* ShieldActionExtension.appex */ = {isa = PBXFileReference; explicitFileType = "wrapper.app-extension"; includeInIndex = 0; path = ShieldActionExtension.appex; sourceTree = BUILT_PRODUCTS_DIR; };
/* End PBXFileReference section */

/* Begin PBXFileSystemSynchronizedBuildFileExceptionSet section */
		DB1141C730128585003E81EA /* Exceptions for "DeviceActivityMonitorExtension" folder in "DeviceActivityMonitorExtension" target */ = {
			isa = PBXFileSystemSynchronizedBuildFileExceptionSet;
			membershipExceptions = (
				Info.plist,
			);
			target = DB1141B930128585003E81EA /* DeviceActivityMonitorExtension */;
		};
		DBD79D553003E85D002E5CA6 /* Exceptions for "ShieldConfigExtension" folder in "ShieldConfigExtension" target */ = {
			isa = PBXFileSystemSynchronizedBuildFileExceptionSet;
			membershipExceptions = (
				Info.plist,
			);
			target = DBD79D433003E85D002E5CA6 /* ShieldConfigExtension */;
		};
		DBE575D83008679D00EE5B52 /* Exceptions for "ShieldActionExtension" folder in "ShieldActionExtension" target */ = {
			isa = PBXFileSystemSynchronizedBuildFileExceptionSet;
			membershipExceptions = (
				Info.plist,
			);
			target = DBE575CD3008679D00EE5B52 /* ShieldActionExtension */;
		};
/* End PBXFileSystemSynchronizedBuildFileExceptionSet section */

/* Begin PBXFileSystemSynchronizedRootGroup section */
		DB1141BD30128585003E81EA /* DeviceActivityMonitorExtension */ = {
			isa = PBXFileSystemSynchronizedRootGroup;
			exceptions = (
				DB1141C730128585003E81EA /* Exceptions for "DeviceActivityMonitorExtension" folder in "DeviceActivityMonitorExtension" target */,
			);
			path = DeviceActivityMonitorExtension;
			sourceTree = "<group>";
		};
		DB7A92AF2FEAE0240038976B /* Integate */ = {
			isa = PBXFileSystemSynchronizedRootGroup;
			path = Integate;
			sourceTree = "<group>";
		};
		DB7A92BF2FEAE0260038976B /* IntegateTests */ = {
			isa = PBXFileSystemSynchronizedRootGroup;
			path = IntegateTests;
			sourceTree = "<group>";
		};
		DB7A92C92FEAE0260038976B /* IntegateUITests */ = {
			isa = PBXFileSystemSynchronizedRootGroup;
			path = IntegateUITests;
			sourceTree = "<group>";
		};
		DBD79D4A3003E85D002E5CA6 /* ShieldConfigExtension */ = {
			isa = PBXFileSystemSynchronizedRootGroup;
			exceptions = (
				DBD79D553003E85D002E5CA6 /* Exceptions for "ShieldConfigExtension" folder in "ShieldConfigExtension" target */,
			);
			path = ShieldConfigExtension;
			sourceTree = "<group>";
		};
		DBE575D03008679D00EE5B52 /* ShieldActionExtension */ = {
			isa = PBXFileSystemSynchronizedRootGroup;
			exceptions = (
				DBE575D83008679D00EE5B52 /* Exceptions for "ShieldActionExtension" folder in "ShieldActionExtension" target */,
			);
			path = ShieldActionExtension;
			sourceTree = "<group>";
		};
/* End PBXFileSystemSynchronizedRootGroup section */

/* Begin PBXFrameworksBuildPhase section */
		DB1141B730128585003E81EA /* Frameworks */ = {
			isa = PBXFrameworksBuildPhase;
			buildActionMask = 2147483647;
			files = (
				DB1141BC30128585003E81EA /* DeviceActivity.framework in Frameworks */,
			);
			runOnlyForDeploymentPostprocessing = 0;
		};
		DB7A92AA2FEAE0240038976B /* Frameworks */ = {
			isa = PBXFrameworksBuildPhase;
			buildActionMask = 2147483647;
			files = (
			);
			runOnlyForDeploymentPostprocessing = 0;
		};
		DB7A92B92FEAE0260038976B /* Frameworks */ = {
			isa = PBXFrameworksBuildPhase;
			buildActionMask = 2147483647;
			files = (
			);
			runOnlyForDeploymentPostprocessing = 0;
		};
		DB7A92C32FEAE0260038976B /* Frameworks */ = {
			isa = PBXFrameworksBuildPhase;
			buildActionMask = 2147483647;
			files = (
			);
			runOnlyForDeploymentPostprocessing = 0;
		};
		DBD79D413003E85D002E5CA6 /* Frameworks */ = {
			isa = PBXFrameworksBuildPhase;
			buildActionMask = 2147483647;
			files = (
				DBD79D473003E85D002E5CA6 /* ManagedSettings.framework in Frameworks */,
				DBD79D493003E85D002E5CA6 /* ManagedSettingsUI.framework in Frameworks */,
			);
			runOnlyForDeploymentPostprocessing = 0;
		};
		DBE575CB3008679D00EE5B52 /* Frameworks */ = {
			isa = PBXFrameworksBuildPhase;
			buildActionMask = 2147483647;
			files = (
				DBE575CF3008679D00EE5B52 /* ManagedSettings.framework in Frameworks */,
			);
			runOnlyForDeploymentPostprocessing = 0;
		};
/* End PBXFrameworksBuildPhase section */

/* Begin PBXGroup section */
		DB7A92A42FEAE0240038976B = {
			isa = PBXGroup;
			children = (
				DB8096D9300872210068E94C /* Integate.xctestplan */,
				DB7A92AF2FEAE0240038976B /* Integate */,
				DB7A92BF2FEAE0260038976B /* IntegateTests */,
				DB7A92C92FEAE0260038976B /* IntegateUITests */,
				DBD79D4A3003E85D002E5CA6 /* ShieldConfigExtension */,
				DBE575D03008679D00EE5B52 /* ShieldActionExtension */,
				DB1141BD30128585003E81EA /* DeviceActivityMonitorExtension */,
				DBD79D453003E85D002E5CA6 /* Frameworks */,
				DB7A92AE2FEAE0240038976B /* Products */,
			);
			sourceTree = "<group>";
		};
		DB7A92AE2FEAE0240038976B /* Products */ = {
			isa = PBXGroup;
			children = (
				DB7A92AD2FEAE0240038976B /* Integate.app */,
				DB7A92BC2FEAE0260038976B /* IntegateTests.xctest */,
				DB7A92C62FEAE0260038976B /* IntegateUITests.xctest */,
				DBD79D443003E85D002E5CA6 /* ShieldConfigExtension.appex */,
				DBE575CE3008679D00EE5B52 /* ShieldActionExtension.appex */,
				DB1141BA30128585003E81EA /* DeviceActivityMonitorExtension.appex */,
			);
			name = Products;
			sourceTree = "<group>";
		};
		DBD79D453003E85D002E5CA6 /* Frameworks */ = {
			isa = PBXGroup;
			children = (
				DBD79D463003E85D002E5CA6 /* ManagedSettings.framework */,
				DBD79D483003E85D002E5CA6 /* ManagedSettingsUI.framework */,
				DB1141BB30128585003E81EA /* DeviceActivity.framework */,
			);
			name = Frameworks;
			sourceTree = "<group>";
		};
/* End PBXGroup section */

/* Begin PBXNativeTarget section */
		DB1141B930128585003E81EA /* DeviceActivityMonitorExtension */ = {
			isa = PBXNativeTarget;
			buildConfigurationList = DB1141C830128585003E81EA /* Build configuration list for PBXNativeTarget "DeviceActivityMonitorExtension" */;
			buildPhases = (
				DB1141B630128585003E81EA /* Sources */,
				DB1141B730128585003E81EA /* Frameworks */,
				DB1141B830128585003E81EA /* Resources */,
			);
			buildRules = (
			);
			dependencies = (
			);
			fileSystemSynchronizedGroups = (
				DB1141BD30128585003E81EA /* DeviceActivityMonitorExtension */,
			);
			name = DeviceActivityMonitorExtension;
			packageProductDependencies = (
			);
			productName = DeviceActivityMonitorExtension;
			productReference = DB1141BA30128585003E81EA /* DeviceActivityMonitorExtension.appex */;
			productType = "com.apple.product-type.app-extension";
		};
		DB7A92AC2FEAE0240038976B /* Integate */ = {
			isa = PBXNativeTarget;
			buildConfigurationList = DB7A92D02FEAE0260038976B /* Build configuration list for PBXNativeTarget "Integate" */;
			buildPhases = (
				DB7A92A92FEAE0240038976B /* Sources */,
				DB7A92AA2FEAE0240038976B /* Frameworks */,
				DB7A92AB2FEAE0240038976B /* Resources */,
				DBD79D523003E85D002E5CA6 /* Embed Foundation Extensions */,
			);
			buildRules = (
			);
			dependencies = (
				DBD79D503003E85D002E5CA6 /* PBXTargetDependency */,
				DBE575D63008679D00EE5B52 /* PBXTargetDependency */,
				DB1141C330128585003E81EA /* PBXTargetDependency */,
			);
			fileSystemSynchronizedGroups = (
				DB7A92AF2FEAE0240038976B /* Integate */,
			);
			name = Integate;
			packageProductDependencies = (
			);
			productName = Integate;
			productReference = DB7A92AD2FEAE0240038976B /* Integate.app */;
			productType = "com.apple.product-type.application";
		};
		DB7A92BB2FEAE0260038976B /* IntegateTests */ = {
			isa = PBXNativeTarget;
			buildConfigurationList = DB7A92D32FEAE0260038976B /* Build configuration list for PBXNativeTarget "IntegateTests" */;
			buildPhases = (
				DB7A92B82FEAE0260038976B /* Sources */,
				DB7A92B92FEAE0260038976B /* Frameworks */,
				DB7A92BA2FEAE0260038976B /* Resources */,
			);
			buildRules = (
			);
			dependencies = (
				DB7A92BE2FEAE0260038976B /* PBXTargetDependency */,
			);
			fileSystemSynchronizedGroups = (
				DB7A92BF2FEAE0260038976B /* IntegateTests */,
			);
			name = IntegateTests;
			packageProductDependencies = (
			);
			productName = IntegateTests;
			productReference = DB7A92BC2FEAE0260038976B /* IntegateTests.xctest */;
			productType = "com.apple.product-type.bundle.unit-test";
		};
		DB7A92C52FEAE0260038976B /* IntegateUITests */ = {
			isa = PBXNativeTarget;
			buildConfigurationList = DB7A92D62FEAE0260038976B /* Build configuration list for PBXNativeTarget "IntegateUITests" */;
			buildPhases = (
				DB7A92C22FEAE0260038976B /* Sources */,
				DB7A92C32FEAE0260038976B /* Frameworks */,
				DB7A92C42FEAE0260038976B /* Resources */,
			);
			buildRules = (
			);
			dependencies = (
				DB7A92C82FEAE0260038976B /* PBXTargetDependency */,
			);
			fileSystemSynchronizedGroups = (
				DB7A92C92FEAE0260038976B /* IntegateUITests */,
			);
			name = IntegateUITests;
			packageProductDependencies = (
			);
			productName = IntegateUITests;
			productReference = DB7A92C62FEAE0260038976B /* IntegateUITests.xctest */;
			productType = "com.apple.product-type.bundle.ui-testing";
		};
		DBD79D433003E85D002E5CA6 /* ShieldConfigExtension */ = {
			isa = PBXNativeTarget;
			buildConfigurationList = DBD79D563003E85D002E5CA6 /* Build configuration list for PBXNativeTarget "ShieldConfigExtension" */;
			buildPhases = (
				DBD79D403003E85D002E5CA6 /* Sources */,
				DBD79D413003E85D002E5CA6 /* Frameworks */,
				DBD79D423003E85D002E5CA6 /* Resources */,
			);
			buildRules = (
			);
			dependencies = (
			);
			fileSystemSynchronizedGroups = (
				DBD79D4A3003E85D002E5CA6 /* ShieldConfigExtension */,
			);
			name = ShieldConfigExtension;
			packageProductDependencies = (
			);
			productName = ShieldConfigExtension;
			productReference = DBD79D443003E85D002E5CA6 /* ShieldConfigExtension.appex */;
			productType = "com.apple.product-type.app-extension";
		};
		DBE575CD3008679D00EE5B52 /* ShieldActionExtension */ = {
			isa = PBXNativeTarget;
			buildConfigurationList = DBE575D93008679D00EE5B52 /* Build configuration list for PBXNativeTarget "ShieldActionExtension" */;
			buildPhases = (
				DBE575CA3008679D00EE5B52 /* Sources */,
				DBE575CB3008679D00EE5B52 /* Frameworks */,
				DBE575CC3008679D00EE5B52 /* Resources */,
			);
			buildRules = (
			);
			dependencies = (
			);
			fileSystemSynchronizedGroups = (
				DBE575D03008679D00EE5B52 /* ShieldActionExtension */,
			);
			name = ShieldActionExtension;
			packageProductDependencies = (
			);
			productName = ShieldActionExtension;
			productReference = DBE575CE3008679D00EE5B52 /* ShieldActionExtension.appex */;
			productType = "com.apple.product-type.app-extension";
		};
/* End PBXNativeTarget section */

/* Begin PBXProject section */
		DB7A92A52FEAE0240038976B /* Project object */ = {
			isa = PBXProject;
			attributes = {
				BuildIndependentTargetsInParallel = 1;
				LastSwiftUpdateCheck = 2660;
				LastUpgradeCheck = 2660;
				TargetAttributes = {
					DB1141B930128585003E81EA = {
						CreatedOnToolsVersion = 26.6;
					};
					DB7A92AC2FEAE0240038976B = {
						CreatedOnToolsVersion = 26.5;
					};
					DB7A92BB2FEAE0260038976B = {
						CreatedOnToolsVersion = 26.5;
						TestTargetID = DB7A92AC2FEAE0240038976B;
					};
					DB7A92C52FEAE0260038976B = {
						CreatedOnToolsVersion = 26.5;
						TestTargetID = DB7A92AC2FEAE0240038976B;
					};
					DBD79D433003E85D002E5CA6 = {
						CreatedOnToolsVersion = 26.6;
					};
					DBE575CD3008679D00EE5B52 = {
						CreatedOnToolsVersion = 26.6;
					};
				};
			};
			buildConfigurationList = DB7A92A82FEAE0240038976B /* Build configuration list for PBXProject "Integate" */;
			developmentRegion = en;
			hasScannedForEncodings = 0;
			knownRegions = (
				en,
				Base,
			);
			mainGroup = DB7A92A42FEAE0240038976B;
			minimizedProjectReferenceProxies = 1;
			preferredProjectObjectVersion = 77;
			productRefGroup = DB7A92AE2FEAE0240038976B /* Products */;
			projectDirPath = "";
			projectRoot = "";
			targets = (
				DB7A92AC2FEAE0240038976B /* Integate */,
				DB7A92BB2FEAE0260038976B /* IntegateTests */,
				DB7A92C52FEAE0260038976B /* IntegateUITests */,
				DBD79D433003E85D002E5CA6 /* ShieldConfigExtension */,
				DBE575CD3008679D00EE5B52 /* ShieldActionExtension */,
				DB1141B930128585003E81EA /* DeviceActivityMonitorExtension */,
			);
		};
/* End PBXProject section */

/* Begin PBXResourcesBuildPhase section */
		DB1141B830128585003E81EA /* Resources */ = {
			isa = PBXResourcesBuildPhase;
			buildActionMask = 2147483647;
			files = (
			);
			runOnlyForDeploymentPostprocessing = 0;
		};
		DB7A92AB2FEAE0240038976B /* Resources */ = {
			isa = PBXResourcesBuildPhase;
			buildActionMask = 2147483647;
			files = (
			);
			runOnlyForDeploymentPostprocessing = 0;
		};
		DB7A92BA2FEAE0260038976B /* Resources */ = {
			isa = PBXResourcesBuildPhase;
			buildActionMask = 2147483647;
			files = (
			);
			runOnlyForDeploymentPostprocessing = 0;
		};
		DB7A92C42FEAE0260038976B /* Resources */ = {
			isa = PBXResourcesBuildPhase;
			buildActionMask = 2147483647;
			files = (
			);
			runOnlyForDeploymentPostprocessing = 0;
		};
		DBD79D423003E85D002E5CA6 /* Resources */ = {
			isa = PBXResourcesBuildPhase;
			buildActionMask = 2147483647;
			files = (
			);
			runOnlyForDeploymentPostprocessing = 0;
		};
		DBE575CC3008679D00EE5B52 /* Resources */ = {
			isa = PBXResourcesBuildPhase;
			buildActionMask = 2147483647;
			files = (
			);
			runOnlyForDeploymentPostprocessing = 0;
		};
/* End PBXResourcesBuildPhase section */

/* Begin PBXSourcesBuildPhase section */
		DB1141B630128585003E81EA /* Sources */ = {
			isa = PBXSourcesBuildPhase;
			buildActionMask = 2147483647;
			files = (
			);
			runOnlyForDeploymentPostprocessing = 0;
		};
		DB7A92A92FEAE0240038976B /* Sources */ = {
			isa = PBXSourcesBuildPhase;
			buildActionMask = 2147483647;
			files = (
			);
			runOnlyForDeploymentPostprocessing = 0;
		};
		DB7A92B82FEAE0260038976B /* Sources */ = {
			isa = PBXSourcesBuildPhase;
			buildActionMask = 2147483647;
			files = (
			);
			runOnlyForDeploymentPostprocessing = 0;
		};
		DB7A92C22FEAE0260038976B /* Sources */ = {
			isa = PBXSourcesBuildPhase;
			buildActionMask = 2147483647;
			files = (
			);
			runOnlyForDeploymentPostprocessing = 0;
		};
		DBD79D403003E85D002E5CA6 /* Sources */ = {
			isa = PBXSourcesBuildPhase;
			buildActionMask = 2147483647;
			files = (
			);
			runOnlyForDeploymentPostprocessing = 0;
		};
		DBE575CA3008679D00EE5B52 /* Sources */ = {
			isa = PBXSourcesBuildPhase;
			buildActionMask = 2147483647;
			files = (
			);
			runOnlyForDeploymentPostprocessing = 0;
		};
/* End PBXSourcesBuildPhase section */

/* Begin PBXTargetDependency section */
		DB1141C330128585003E81EA /* PBXTargetDependency */ = {
			isa = PBXTargetDependency;
			target = DB1141B930128585003E81EA /* DeviceActivityMonitorExtension */;
			targetProxy = DB1141C230128585003E81EA /* PBXContainerItemProxy */;
		};
		DB7A92BE2FEAE0260038976B /* PBXTargetDependency */ = {
			isa = PBXTargetDependency;
			target = DB7A92AC2FEAE0240038976B /* Integate */;
			targetProxy = DB7A92BD2FEAE0260038976B /* PBXContainerItemProxy */;
		};
		DB7A92C82FEAE0260038976B /* PBXTargetDependency */ = {
			isa = PBXTargetDependency;
			target = DB7A92AC2FEAE0240038976B /* Integate */;
			targetProxy = DB7A92C72FEAE0260038976B /* PBXContainerItemProxy */;
		};
		DBD79D503003E85D002E5CA6 /* PBXTargetDependency */ = {
			isa = PBXTargetDependency;
			target = DBD79D433003E85D002E5CA6 /* ShieldConfigExtension */;
			targetProxy = DBD79D4F3003E85D002E5CA6 /* PBXContainerItemProxy */;
		};
		DBE575D63008679D00EE5B52 /* PBXTargetDependency */ = {
			isa = PBXTargetDependency;
			target = DBE575CD3008679D00EE5B52 /* ShieldActionExtension */;
			targetProxy = DBE575D53008679D00EE5B52 /* PBXContainerItemProxy */;
		};
/* End PBXTargetDependency section */

/* Begin XCBuildConfiguration section */
		DB1141C530128585003E81EA /* Debug */ = {
			isa = XCBuildConfiguration;
			buildSettings = {
				CODE_SIGN_ENTITLEMENTS = DeviceActivityMonitorExtension/DeviceActivityMonitorExtension.entitlements;
				CODE_SIGN_STYLE = Automatic;
				CURRENT_PROJECT_VERSION = 2;
				DEVELOPMENT_TEAM = 6Z23ZPW362;
				GENERATE_INFOPLIST_FILE = YES;
				INFOPLIST_FILE = DeviceActivityMonitorExtension/Info.plist;
				INFOPLIST_KEY_CFBundleDisplayName = DeviceActivityMonitorExtension;
				INFOPLIST_KEY_NSHumanReadableCopyright = "";
				LD_RUNPATH_SEARCH_PATHS = (
					"$(inherited)",
					"@executable_path/Frameworks",
					"@executable_path/../../Frameworks",
				);
				MARKETING_VERSION = 1.1;
				PRODUCT_BUNDLE_IDENTIFIER = com.Monte.Integate.DeviceActivityMonitorExtension;
				PRODUCT_NAME = "$(TARGET_NAME)";
				SKIP_INSTALL = YES;
				STRING_CATALOG_GENERATE_SYMBOLS = YES;
				SWIFT_APPROACHABLE_CONCURRENCY = YES;
				SWIFT_EMIT_LOC_STRINGS = YES;
				SWIFT_UPCOMING_FEATURE_MEMBER_IMPORT_VISIBILITY = YES;
				SWIFT_VERSION = 5.0;
				TARGETED_DEVICE_FAMILY = "1,2";
			};
			name = Debug;
		};
		DB1141C630128585003E81EA /* Release */ = {
			isa = XCBuildConfiguration;
			buildSettings = {
				CODE_SIGN_ENTITLEMENTS = DeviceActivityMonitorExtension/DeviceActivityMonitorExtension.entitlements;
				CODE_SIGN_STYLE = Automatic;
				CURRENT_PROJECT_VERSION = 2;
				DEVELOPMENT_TEAM = 6Z23ZPW362;
				GENERATE_INFOPLIST_FILE = YES;
				INFOPLIST_FILE = DeviceActivityMonitorExtension/Info.plist;
				INFOPLIST_KEY_CFBundleDisplayName = DeviceActivityMonitorExtension;
				INFOPLIST_KEY_NSHumanReadableCopyright = "";
				LD_RUNPATH_SEARCH_PATHS = (
					"$(inherited)",
					"@executable_path/Frameworks",
					"@executable_path/../../Frameworks",
				);
				MARKETING_VERSION = 1.1;
				PRODUCT_BUNDLE_IDENTIFIER = com.Monte.Integate.DeviceActivityMonitorExtension;
				PRODUCT_NAME = "$(TARGET_NAME)";
				SKIP_INSTALL = YES;
				STRING_CATALOG_GENERATE_SYMBOLS = YES;
				SWIFT_APPROACHABLE_CONCURRENCY = YES;
				SWIFT_EMIT_LOC_STRINGS = YES;
				SWIFT_UPCOMING_FEATURE_MEMBER_IMPORT_VISIBILITY = YES;
				SWIFT_VERSION = 5.0;
				TARGETED_DEVICE_FAMILY = "1,2";
			};
			name = Release;
		};
		DB7A92CE2FEAE0260038976B /* Debug */ = {
			isa = XCBuildConfiguration;
			buildSettings = {
				ALWAYS_SEARCH_USER_PATHS = NO;
				ASSETCATALOG_COMPILER_GENERATE_SWIFT_ASSET_SYMBOL_EXTENSIONS = YES;
				CLANG_ANALYZER_NONNULL = YES;
				CLANG_ANALYZER_NUMBER_OBJECT_CONVERSION = YES_AGGRESSIVE;
				CLANG_CXX_LANGUAGE_STANDARD = "gnu++20";
				CLANG_ENABLE_MODULES = YES;
				CLANG_ENABLE_OBJC_ARC = YES;
				CLANG_ENABLE_OBJC_WEAK = YES;
				CLANG_WARN_BLOCK_CAPTURE_AUTORELEASING = YES;
				CLANG_WARN_BOOL_CONVERSION = YES;
				CLANG_WARN_COMMA = YES;
				CLANG_WARN_CONSTANT_CONVERSION = YES;
				CLANG_WARN_DEPRECATED_OBJC_IMPLEMENTATIONS = YES;
				CLANG_WARN_DIRECT_OBJC_ISA_USAGE = YES_ERROR;
				CLANG_WARN_DOCUMENTATION_COMMENTS = YES;
				CLANG_WARN_EMPTY_BODY = YES;
				CLANG_WARN_ENUM_CONVERSION = YES;
				CLANG_WARN_INFINITE_RECURSION = YES;
				CLANG_WARN_INT_CONVERSION = YES;
				CLANG_WARN_NON_LITERAL_NULL_CONVERSION = YES;
				CLANG_WARN_OBJC_IMPLICIT_RETAIN_SELF = YES;
				CLANG_WARN_OBJC_LITERAL_CONVERSION = YES;
				CLANG_WARN_OBJC_ROOT_CLASS = YES_ERROR;
				CLANG_WARN_QUOTED_INCLUDE_IN_FRAMEWORK_HEADER = YES;
				CLANG_WARN_RANGE_LOOP_ANALYSIS = YES;
				CLANG_WARN_STRICT_PROTOTYPES = YES;
				CLANG_WARN_SUSPICIOUS_MOVE = YES;
				CLANG_WARN_UNGUARDED_AVAILABILITY = YES_AGGRESSIVE;
				CLANG_WARN_UNREACHABLE_CODE = YES;
				CLANG_WARN__DUPLICATE_METHOD_MATCH = YES;
				COPY_PHASE_STRIP = NO;
				DEBUG_INFORMATION_FORMAT = dwarf;
				DEVELOPMENT_TEAM = 6Z23ZPW362;
				ENABLE_STRICT_OBJC_MSGSEND = YES;
				ENABLE_TESTABILITY = YES;
				ENABLE_USER_SCRIPT_SANDBOXING = YES;
				GCC_C_LANGUAGE_STANDARD = gnu17;
				GCC_DYNAMIC_NO_PIC = NO;
				GCC_NO_COMMON_BLOCKS = YES;
				GCC_OPTIMIZATION_LEVEL = 0;
				GCC_PREPROCESSOR_DEFINITIONS = (
					"DEBUG=1",
					"$(inherited)",
				);
				GCC_WARN_64_TO_32_BIT_CONVERSION = YES;
				GCC_WARN_ABOUT_RETURN_TYPE = YES_ERROR;
				GCC_WARN_UNDECLARED_SELECTOR = YES;
				GCC_WARN_UNINITIALIZED_AUTOS = YES_AGGRESSIVE;
				GCC_WARN_UNUSED_FUNCTION = YES;
				GCC_WARN_UNUSED_VARIABLE = YES;
				IPHONEOS_DEPLOYMENT_TARGET = 26.0;
				LOCALIZATION_PREFERS_STRING_CATALOGS = YES;
				MTL_ENABLE_DEBUG_INFO = INCLUDE_SOURCE;
				MTL_FAST_MATH = YES;
				ONLY_ACTIVE_ARCH = YES;
				SDKROOT = iphoneos;
				STRING_CATALOG_GENERATE_SYMBOLS = YES;
				SWIFT_ACTIVE_COMPILATION_CONDITIONS = "DEBUG $(inherited)";
				SWIFT_OPTIMIZATION_LEVEL = "-Onone";
			};
			name = Debug;
		};
		DB7A92CF2FEAE0260038976B /* Release */ = {
			isa = XCBuildConfiguration;
			buildSettings = {
				ALWAYS_SEARCH_USER_PATHS = NO;
				ASSETCATALOG_COMPILER_GENERATE_SWIFT_ASSET_SYMBOL_EXTENSIONS = YES;
				CLANG_ANALYZER_NONNULL = YES;
				CLANG_ANALYZER_NUMBER_OBJECT_CONVERSION = YES_AGGRESSIVE;
				CLANG_CXX_LANGUAGE_STANDARD = "gnu++20";
				CLANG_ENABLE_MODULES = YES;
				CLANG_ENABLE_OBJC_ARC = YES;
				CLANG_ENABLE_OBJC_WEAK = YES;
				CLANG_WARN_BLOCK_CAPTURE_AUTORELEASING = YES;
				CLANG_WARN_BOOL_CONVERSION = YES;
				CLANG_WARN_COMMA = YES;
				CLANG_WARN_CONSTANT_CONVERSION = YES;
				CLANG_WARN_DEPRECATED_OBJC_IMPLEMENTATIONS = YES;
				CLANG_WARN_DIRECT_OBJC_ISA_USAGE = YES_ERROR;
				CLANG_WARN_DOCUMENTATION_COMMENTS = YES;
				CLANG_WARN_EMPTY_BODY = YES;
				CLANG_WARN_ENUM_CONVERSION = YES;
				CLANG_WARN_INFINITE_RECURSION = YES;
				CLANG_WARN_INT_CONVERSION = YES;
				CLANG_WARN_NON_LITERAL_NULL_CONVERSION = YES;
				CLANG_WARN_OBJC_IMPLICIT_RETAIN_SELF = YES;
				CLANG_WARN_OBJC_LITERAL_CONVERSION = YES;
				CLANG_WARN_OBJC_ROOT_CLASS = YES_ERROR;
				CLANG_WARN_QUOTED_INCLUDE_IN_FRAMEWORK_HEADER = YES;
				CLANG_WARN_RANGE_LOOP_ANALYSIS = YES;
				CLANG_WARN_STRICT_PROTOTYPES = YES;
				CLANG_WARN_SUSPICIOUS_MOVE = YES;
				CLANG_WARN_UNGUARDED_AVAILABILITY = YES_AGGRESSIVE;
				CLANG_WARN_UNREACHABLE_CODE = YES;
				CLANG_WARN__DUPLICATE_METHOD_MATCH = YES;
				COPY_PHASE_STRIP = NO;
				DEBUG_INFORMATION_FORMAT = "dwarf-with-dsym";
				DEVELOPMENT_TEAM = 6Z23ZPW362;
				ENABLE_NS_ASSERTIONS = NO;
				ENABLE_STRICT_OBJC_MSGSEND = YES;
				ENABLE_USER_SCRIPT_SANDBOXING = YES;
				GCC_C_LANGUAGE_STANDARD = gnu17;
				GCC_NO_COMMON_BLOCKS = YES;
				GCC_WARN_64_TO_32_BIT_CONVERSION = YES;
				GCC_WARN_ABOUT_RETURN_TYPE = YES_ERROR;
				GCC_WARN_UNDECLARED_SELECTOR = YES;
				GCC_WARN_UNINITIALIZED_AUTOS = YES_AGGRESSIVE;
				GCC_WARN_UNUSED_FUNCTION = YES;
				GCC_WARN_UNUSED_VARIABLE = YES;
				IPHONEOS_DEPLOYMENT_TARGET = 26.0;
				LOCALIZATION_PREFERS_STRING_CATALOGS = YES;
				MTL_ENABLE_DEBUG_INFO = NO;
				MTL_FAST_MATH = YES;
				SDKROOT = iphoneos;
				STRING_CATALOG_GENERATE_SYMBOLS = YES;
				SWIFT_COMPILATION_MODE = wholemodule;
				VALIDATE_PRODUCT = YES;
			};
			name = Release;
		};
		DB7A92D12FEAE0260038976B /* Debug */ = {
			isa = XCBuildConfiguration;
			buildSettings = {
				ASSETCATALOG_COMPILER_APPICON_NAME = AppIcon;
				ASSETCATALOG_COMPILER_GLOBAL_ACCENT_COLOR_NAME = AccentColor;
				CODE_SIGN_ENTITLEMENTS = Integate/Integate.entitlements;
				CODE_SIGN_STYLE = Automatic;
				CURRENT_PROJECT_VERSION = 2;
				DEVELOPMENT_TEAM = 6Z23ZPW362;
				ENABLE_PREVIEWS = YES;
				GENERATE_INFOPLIST_FILE = YES;
				INFOPLIST_KEY_CFBundleDisplayName = Integate;
				INFOPLIST_KEY_UIApplicationSceneManifest_Generation = YES;
				INFOPLIST_KEY_UIApplicationSupportsIndirectInputEvents = YES;
				INFOPLIST_KEY_UILaunchScreen_Generation = YES;
				INFOPLIST_KEY_UISupportedInterfaceOrientations_iPad = "UIInterfaceOrientationPortrait UIInterfaceOrientationPortraitUpsideDown UIInterfaceOrientationLandscapeLeft UIInterfaceOrientationLandscapeRight";
				INFOPLIST_KEY_UISupportedInterfaceOrientations_iPhone = "UIInterfaceOrientationPortrait UIInterfaceOrientationLandscapeLeft UIInterfaceOrientationLandscapeRight";
				IPHONEOS_DEPLOYMENT_TARGET = 26.0;
				LD_RUNPATH_SEARCH_PATHS = (
					"$(inherited)",
					"@executable_path/Frameworks",
				);
				MARKETING_VERSION = 1.1;
				PRODUCT_BUNDLE_IDENTIFIER = com.Monte.Integate;
				PRODUCT_NAME = Integate;
				STRING_CATALOG_GENERATE_SYMBOLS = YES;
				SWIFT_APPROACHABLE_CONCURRENCY = YES;
				SWIFT_DEFAULT_ACTOR_ISOLATION = MainActor;
				SWIFT_EMIT_LOC_STRINGS = YES;
				SWIFT_UPCOMING_FEATURE_MEMBER_IMPORT_VISIBILITY = YES;
				SWIFT_VERSION = 5.0;
				TARGETED_DEVICE_FAMILY = "1,2";
			};
			name = Debug;
		};
		DB7A92D22FEAE0260038976B /* Release */ = {
			isa = XCBuildConfiguration;
			buildSettings = {
				ASSETCATALOG_COMPILER_APPICON_NAME = AppIcon;
				ASSETCATALOG_COMPILER_GLOBAL_ACCENT_COLOR_NAME = AccentColor;
				CODE_SIGN_ENTITLEMENTS = Integate/Integate.entitlements;
				CODE_SIGN_STYLE = Automatic;
				CURRENT_PROJECT_VERSION = 2;
				DEVELOPMENT_TEAM = 6Z23ZPW362;
				ENABLE_PREVIEWS = YES;
				GENERATE_INFOPLIST_FILE = YES;
				INFOPLIST_KEY_CFBundleDisplayName = Integate;
				INFOPLIST_KEY_UIApplicationSceneManifest_Generation = YES;
				INFOPLIST_KEY_UIApplicationSupportsIndirectInputEvents = YES;
				INFOPLIST_KEY_UILaunchScreen_Generation = YES;
				INFOPLIST_KEY_UISupportedInterfaceOrientations_iPad = "UIInterfaceOrientationPortrait UIInterfaceOrientationPortraitUpsideDown UIInterfaceOrientationLandscapeLeft UIInterfaceOrientationLandscapeRight";
				INFOPLIST_KEY_UISupportedInterfaceOrientations_iPhone = "UIInterfaceOrientationPortrait UIInterfaceOrientationLandscapeLeft UIInterfaceOrientationLandscapeRight";
				IPHONEOS_DEPLOYMENT_TARGET = 26.0;
				LD_RUNPATH_SEARCH_PATHS = (
					"$(inherited)",
					"@executable_path/Frameworks",
				);
				MARKETING_VERSION = 1.1;
				PRODUCT_BUNDLE_IDENTIFIER = com.Monte.Integate;
				PRODUCT_NAME = Integate;
				STRING_CATALOG_GENERATE_SYMBOLS = YES;
				SWIFT_APPROACHABLE_CONCURRENCY = YES;
				SWIFT_DEFAULT_ACTOR_ISOLATION = MainActor;
				SWIFT_EMIT_LOC_STRINGS = YES;
				SWIFT_UPCOMING_FEATURE_MEMBER_IMPORT_VISIBILITY = YES;
				SWIFT_VERSION = 5.0;
				TARGETED_DEVICE_FAMILY = "1,2";
			};
			name = Release;
		};
		DB7A92D42FEAE0260038976B /* Debug */ = {
			isa = XCBuildConfiguration;
			buildSettings = {
				BUNDLE_LOADER = "$(TEST_HOST)";
				CODE_SIGN_STYLE = Automatic;
				CURRENT_PROJECT_VERSION = 2;
				DEVELOPMENT_TEAM = 6Z23ZPW362;
				GENERATE_INFOPLIST_FILE = YES;
				IPHONEOS_DEPLOYMENT_TARGET = 26.0;
				MARKETING_VERSION = 1.1;
				PRODUCT_BUNDLE_IDENTIFIER = com.Monte.IntegateTests;
				PRODUCT_NAME = "$(TARGET_NAME)";
				STRING_CATALOG_GENERATE_SYMBOLS = NO;
				SWIFT_APPROACHABLE_CONCURRENCY = YES;
				SWIFT_EMIT_LOC_STRINGS = NO;
				SWIFT_UPCOMING_FEATURE_MEMBER_IMPORT_VISIBILITY = YES;
				SWIFT_VERSION = 5.0;
				TARGETED_DEVICE_FAMILY = "1,2";
				TEST_HOST = "$(BUILT_PRODUCTS_DIR)/Integate.app/$(BUNDLE_EXECUTABLE_FOLDER_PATH)/Integate";
			};
			name = Debug;
		};
		DB7A92D52FEAE0260038976B /* Release */ = {
			isa = XCBuildConfiguration;
			buildSettings = {
				BUNDLE_LOADER = "$(TEST_HOST)";
				CODE_SIGN_STYLE = Automatic;
				CURRENT_PROJECT_VERSION = 2;
				DEVELOPMENT_TEAM = 6Z23ZPW362;
				GENERATE_INFOPLIST_FILE = YES;
				IPHONEOS_DEPLOYMENT_TARGET = 26.0;
				MARKETING_VERSION = 1.1;
				PRODUCT_BUNDLE_IDENTIFIER = com.Monte.IntegateTests;
				PRODUCT_NAME = "$(TARGET_NAME)";
				STRING_CATALOG_GENERATE_SYMBOLS = NO;
				SWIFT_APPROACHABLE_CONCURRENCY = YES;
				SWIFT_EMIT_LOC_STRINGS = NO;
				SWIFT_UPCOMING_FEATURE_MEMBER_IMPORT_VISIBILITY = YES;
				SWIFT_VERSION = 5.0;
				TARGETED_DEVICE_FAMILY = "1,2";
				TEST_HOST = "$(BUILT_PRODUCTS_DIR)/Integate.app/$(BUNDLE_EXECUTABLE_FOLDER_PATH)/Integate";
			};
			name = Release;
		};
		DB7A92D72FEAE0260038976B /* Debug */ = {
			isa = XCBuildConfiguration;
			buildSettings = {
				CODE_SIGN_STYLE = Automatic;
				CURRENT_PROJECT_VERSION = 2;
				DEVELOPMENT_TEAM = 6Z23ZPW362;
				GENERATE_INFOPLIST_FILE = YES;
				MARKETING_VERSION = 1.1;
				PRODUCT_BUNDLE_IDENTIFIER = com.Monte.IntegateUITests;
				PRODUCT_NAME = "$(TARGET_NAME)";
				STRING_CATALOG_GENERATE_SYMBOLS = NO;
				SWIFT_APPROACHABLE_CONCURRENCY = YES;
				SWIFT_EMIT_LOC_STRINGS = NO;
				SWIFT_UPCOMING_FEATURE_MEMBER_IMPORT_VISIBILITY = YES;
				SWIFT_VERSION = 5.0;
				TARGETED_DEVICE_FAMILY = "1,2";
				TEST_TARGET_NAME = Integate;
			};
			name = Debug;
		};
		DB7A92D82FEAE0260038976B /* Release */ = {
			isa = XCBuildConfiguration;
			buildSettings = {
				CODE_SIGN_STYLE = Automatic;
				CURRENT_PROJECT_VERSION = 2;
				DEVELOPMENT_TEAM = 6Z23ZPW362;
				GENERATE_INFOPLIST_FILE = YES;
				MARKETING_VERSION = 1.1;
				PRODUCT_BUNDLE_IDENTIFIER = com.Monte.IntegateUITests;
				PRODUCT_NAME = "$(TARGET_NAME)";
				STRING_CATALOG_GENERATE_SYMBOLS = NO;
				SWIFT_APPROACHABLE_CONCURRENCY = YES;
				SWIFT_EMIT_LOC_STRINGS = NO;
				SWIFT_UPCOMING_FEATURE_MEMBER_IMPORT_VISIBILITY = YES;
				SWIFT_VERSION = 5.0;
				TARGETED_DEVICE_FAMILY = "1,2";
				TEST_TARGET_NAME = Integate;
			};
			name = Release;
		};
		DBD79D533003E85D002E5CA6 /* Debug */ = {
			isa = XCBuildConfiguration;
			buildSettings = {
				CODE_SIGN_ENTITLEMENTS = ShieldConfigExtension/ShieldConfigExtension.entitlements;
				CODE_SIGN_STYLE = Automatic;
				CURRENT_PROJECT_VERSION = 2;
				DEVELOPMENT_TEAM = 6Z23ZPW362;
				GENERATE_INFOPLIST_FILE = YES;
				INFOPLIST_FILE = ShieldConfigExtension/Info.plist;
				INFOPLIST_KEY_CFBundleDisplayName = ShieldConfigExtension;
				INFOPLIST_KEY_NSHumanReadableCopyright = "";
				LD_RUNPATH_SEARCH_PATHS = (
					"$(inherited)",
					"@executable_path/Frameworks",
					"@executable_path/../../Frameworks",
				);
				MARKETING_VERSION = 1.1;
				PRODUCT_BUNDLE_IDENTIFIER = com.Monte.Integate.ShieldConfigExtension;
				PRODUCT_NAME = "$(TARGET_NAME)";
				SKIP_INSTALL = YES;
				STRING_CATALOG_GENERATE_SYMBOLS = YES;
				SWIFT_APPROACHABLE_CONCURRENCY = YES;
				SWIFT_EMIT_LOC_STRINGS = YES;
				SWIFT_UPCOMING_FEATURE_MEMBER_IMPORT_VISIBILITY = YES;
				SWIFT_VERSION = 5.0;
				TARGETED_DEVICE_FAMILY = "1,2";
			};
			name = Debug;
		};
		DBD79D543003E85D002E5CA6 /* Release */ = {
			isa = XCBuildConfiguration;
			buildSettings = {
				CODE_SIGN_ENTITLEMENTS = ShieldConfigExtension/ShieldConfigExtension.entitlements;
				CODE_SIGN_STYLE = Automatic;
				CURRENT_PROJECT_VERSION = 2;
				DEVELOPMENT_TEAM = 6Z23ZPW362;
				GENERATE_INFOPLIST_FILE = YES;
				INFOPLIST_FILE = ShieldConfigExtension/Info.plist;
				INFOPLIST_KEY_CFBundleDisplayName = ShieldConfigExtension;
				INFOPLIST_KEY_NSHumanReadableCopyright = "";
				LD_RUNPATH_SEARCH_PATHS = (
					"$(inherited)",
					"@executable_path/Frameworks",
					"@executable_path/../../Frameworks",
				);
				MARKETING_VERSION = 1.1;
				PRODUCT_BUNDLE_IDENTIFIER = com.Monte.Integate.ShieldConfigExtension;
				PRODUCT_NAME = "$(TARGET_NAME)";
				SKIP_INSTALL = YES;
				STRING_CATALOG_GENERATE_SYMBOLS = YES;
				SWIFT_APPROACHABLE_CONCURRENCY = YES;
				SWIFT_EMIT_LOC_STRINGS = YES;
				SWIFT_UPCOMING_FEATURE_MEMBER_IMPORT_VISIBILITY = YES;
				SWIFT_VERSION = 5.0;
				TARGETED_DEVICE_FAMILY = "1,2";
			};
			name = Release;
		};
		DBE575DA3008679D00EE5B52 /* Debug */ = {
			isa = XCBuildConfiguration;
			buildSettings = {
				CODE_SIGN_ENTITLEMENTS = ShieldActionExtension/ShieldActionExtension.entitlements;
				CODE_SIGN_STYLE = Automatic;
				CURRENT_PROJECT_VERSION = 2;
				DEVELOPMENT_TEAM = 6Z23ZPW362;
				GENERATE_INFOPLIST_FILE = YES;
				INFOPLIST_FILE = ShieldActionExtension/Info.plist;
				INFOPLIST_KEY_CFBundleDisplayName = ShieldActionExtension;
				INFOPLIST_KEY_NSHumanReadableCopyright = "";
				LD_RUNPATH_SEARCH_PATHS = (
					"$(inherited)",
					"@executable_path/Frameworks",
					"@executable_path/../../Frameworks",
				);
				MARKETING_VERSION = 1.1;
				PRODUCT_BUNDLE_IDENTIFIER = com.Monte.Integate.ShieldActionExtension;
				PRODUCT_NAME = "$(TARGET_NAME)";
				SKIP_INSTALL = YES;
				STRING_CATALOG_GENERATE_SYMBOLS = YES;
				SWIFT_APPROACHABLE_CONCURRENCY = YES;
				SWIFT_EMIT_LOC_STRINGS = YES;
				SWIFT_UPCOMING_FEATURE_MEMBER_IMPORT_VISIBILITY = YES;
				SWIFT_VERSION = 5.0;
				TARGETED_DEVICE_FAMILY = "1,2";
			};
			name = Debug;
		};
		DBE575DB3008679D00EE5B52 /* Release */ = {
			isa = XCBuildConfiguration;
			buildSettings = {
				CODE_SIGN_ENTITLEMENTS = ShieldActionExtension/ShieldActionExtension.entitlements;
				CODE_SIGN_STYLE = Automatic;
				CURRENT_PROJECT_VERSION = 2;
				DEVELOPMENT_TEAM = 6Z23ZPW362;
				GENERATE_INFOPLIST_FILE = YES;
				INFOPLIST_FILE = ShieldActionExtension/Info.plist;
				INFOPLIST_KEY_CFBundleDisplayName = ShieldActionExtension;
				INFOPLIST_KEY_NSHumanReadableCopyright = "";
				LD_RUNPATH_SEARCH_PATHS = (
					"$(inherited)",
					"@executable_path/Frameworks",
					"@executable_path/../../Frameworks",
				);
				MARKETING_VERSION = 1.1;
				PRODUCT_BUNDLE_IDENTIFIER = com.Monte.Integate.ShieldActionExtension;
				PRODUCT_NAME = "$(TARGET_NAME)";
				SKIP_INSTALL = YES;
				STRING_CATALOG_GENERATE_SYMBOLS = YES;
				SWIFT_APPROACHABLE_CONCURRENCY = YES;
				SWIFT_EMIT_LOC_STRINGS = YES;
				SWIFT_UPCOMING_FEATURE_MEMBER_IMPORT_VISIBILITY = YES;
				SWIFT_VERSION = 5.0;
				TARGETED_DEVICE_FAMILY = "1,2";
			};
			name = Release;
		};
/* End XCBuildConfiguration section */

/* Begin XCConfigurationList section */
		DB1141C830128585003E81EA /* Build configuration list for PBXNativeTarget "DeviceActivityMonitorExtension" */ = {
			isa = XCConfigurationList;
			buildConfigurations = (
				DB1141C530128585003E81EA /* Debug */,
				DB1141C630128585003E81EA /* Release */,
			);
			defaultConfigurationIsVisible = 0;
			defaultConfigurationName = Release;
		};
		DB7A92A82FEAE0240038976B /* Build configuration list for PBXProject "Integate" */ = {
			isa = XCConfigurationList;
			buildConfigurations = (
				DB7A92CE2FEAE0260038976B /* Debug */,
				DB7A92CF2FEAE0260038976B /* Release */,
			);
			defaultConfigurationIsVisible = 0;
			defaultConfigurationName = Release;
		};
		DB7A92D02FEAE0260038976B /* Build configuration list for PBXNativeTarget "Integate" */ = {
			isa = XCConfigurationList;
			buildConfigurations = (
				DB7A92D12FEAE0260038976B /* Debug */,
				DB7A92D22FEAE0260038976B /* Release */,
			);
			defaultConfigurationIsVisible = 0;
			defaultConfigurationName = Release;
		};
		DB7A92D32FEAE0260038976B /* Build configuration list for PBXNativeTarget "IntegateTests" */ = {
			isa = XCConfigurationList;
			buildConfigurations = (
				DB7A92D42FEAE0260038976B /* Debug */,
				DB7A92D52FEAE0260038976B /* Release */,
			);
			defaultConfigurationIsVisible = 0;
			defaultConfigurationName = Release;
		};
		DB7A92D62FEAE0260038976B /* Build configuration list for PBXNativeTarget "IntegateUITests" */ = {
			isa = XCConfigurationList;
			buildConfigurations = (
				DB7A92D72FEAE0260038976B /* Debug */,
				DB7A92D82FEAE0260038976B /* Release */,
			);
			defaultConfigurationIsVisible = 0;
			defaultConfigurationName = Release;
		};
		DBD79D563003E85D002E5CA6 /* Build configuration list for PBXNativeTarget "ShieldConfigExtension" */ = {
			isa = XCConfigurationList;
			buildConfigurations = (
				DBD79D533003E85D002E5CA6 /* Debug */,
				DBD79D543003E85D002E5CA6 /* Release */,
			);
			defaultConfigurationIsVisible = 0;
			defaultConfigurationName = Release;
		};
		DBE575D93008679D00EE5B52 /* Build configuration list for PBXNativeTarget "ShieldActionExtension" */ = {
			isa = XCConfigurationList;
			buildConfigurations = (
				DBE575DA3008679D00EE5B52 /* Debug */,
				DBE575DB3008679D00EE5B52 /* Release */,
			);
			defaultConfigurationIsVisible = 0;
			defaultConfigurationName = Release;
		};
/* End XCConfigurationList section */
	};
	rootObject = DB7A92A52FEAE0240038976B /* Project object */;
}
